
Microsoft Visual Studio Solution File, Format Version 12.00
# Visual Studio 15
VisualStudioVersion = 15.0.26124.0
MinimumVisualStudioVersion = 15.0.26124.0
Project("{2150E333-8FDC-42A3-9474-1A3956D46DE8}") = "src", "src", "{ABC7F2B5-D1D9-451F-BA7A-D3C0573801C9}"
EndProject
Project("{2150E333-8FDC-42A3-9474-1A3956D46DE8}") = "content", "content", "{F050CB75-7DE6-4862-AE89-2BD62A39B48C}"
EndProject
Project("{FAE04EC0-301F-11D3-BF4B-00C04F79EFBC}") = "consoledi", "src\content\ConsoleDi\ConsoleDi.csproj", "{2B395836-221E-43B5-9754-7C571F93C373}"
EndProject
Project("{FAE04EC0-301F-11D3-BF4B-00C04F79EFBC}") = "NUnitTest", "src\content\NUnitTest\NUnitTest.csproj", "{6FABFEB5-21D2-442E-9708-8D975617CF76}"
EndProject
Global
	GlobalSection(SolutionConfigurationPlatforms) = preSolution
		Debug|Any CPU = Debug|Any CPU
		Debug|x64 = Debug|x64
		Debug|x86 = Debug|x86
		Release|Any CPU = Release|Any CPU
		Release|x64 = Release|x64
		Release|x86 = Release|x86
	EndGlobalSection
	GlobalSection(SolutionProperties) = preSolution
		HideSolutionNode = FALSE
	EndGlobalSection
	GlobalSection(ProjectConfigurationPlatforms) = postSolution
		{2B395836-221E-43B5-9754-7C571F93C373}.Debug|Any CPU.ActiveCfg = Debug|Any CPU
		{2B395836-221E-43B5-9754-7C571F93C373}.Debug|Any CPU.Build.0 = Debug|Any CPU
		{2B395836-221E-43B5-9754-7C571F93C373}.Debug|x64.ActiveCfg = Debug|Any CPU
		{2B395836-221E-43B5-9754-7C571F93C373}.Debug|x64.Build.0 = Debug|Any CPU
		{2B395836-221E-43B5-9754-7C571F93C373}.Debug|x86.ActiveCfg = Debug|Any CPU
		{2B395836-221E-43B5-9754-7C571F93C373}.Debug|x86.Build.0 = Debug|Any CPU
		{2B395836-221E-43B5-9754-7C571F93C373}.Release|Any CPU.ActiveCfg = Release|Any CPU
		{2B395836-221E-43B5-9754-7C571F93C373}.Release|Any CPU.Build.0 = Release|Any CPU
		{2B395836-221E-43B5-9754-7C571F93C373}.Release|x64.ActiveCfg = Release|Any CPU
		{2B395836-221E-43B5-9754-7C571F93C373}.Release|x64.Build.0 = Release|Any CPU
		{2B395836-221E-43B5-9754-7C571F93C373}.Release|x86.ActiveCfg = Release|Any CPU
		{2B395836-221E-43B5-9754-7C571F93C373}.Release|x86.Build.0 = Release|Any CPU
		{6FABFEB5-21D2-442E-9708-8D975617CF76}.Debug|Any CPU.ActiveCfg = Debug|Any CPU
		{6FABFEB5-21D2-442E-9708-8D975617CF76}.Debug|Any CPU.Build.0 = Debug|Any CPU
		{6FABFEB5-21D2-442E-9708-8D975617CF76}.Debug|x64.ActiveCfg = Debug|Any CPU
		{6FABFEB5-21D2-442E-9708-8D975617CF76}.Debug|x64.Build.0 = Debug|Any CPU
		{6FABFEB5-21D2-442E-9708-8D975617CF76}.Debug|x86.ActiveCfg = Debug|Any CPU
		{6FABFEB5-21D2-442E-9708-8D975617CF76}.Debug|x86.Build.0 = Debug|Any CPU
		{6FABFEB5-21D2-442E-9708-8D975617CF76}.Release|Any CPU.ActiveCfg = Release|Any CPU
		{6FABFEB5-21D2-442E-9708-8D975617CF76}.Release|Any CPU.Build.0 = Release|Any CPU
		{6FABFEB5-21D2-442E-9708-8D975617CF76}.Release|x64.ActiveCfg = Release|Any CPU
		{6FABFEB5-21D2-442E-9708-8D975617CF76}.Release|x64.Build.0 = Release|Any CPU
		{6FABFEB5-21D2-442E-9708-8D975617CF76}.Release|x86.ActiveCfg = Release|Any CPU
		{6FABFEB5-21D2-442E-9708-8D975617CF76}.Release|x86.Build.0 = Release|Any CPU
	EndGlobalSection
	GlobalSection(NestedProjects) = preSolution
		{F050CB75-7DE6-4862-AE89-2BD62A39B48C} = {ABC7F2B5-D1D9-451F-BA7A-D3C0573801C9}
		{2B395836-221E-43B5-9754-7C571F93C373} = {F050CB75-7DE6-4862-AE89-2BD62A39B48C}
		{6FABFEB5-21D2-442E-9708-8D975617CF76} = {F050CB75-7DE6-4862-AE89-2BD62A39B48C}
	EndGlobalSection
EndGlobal
